
Microsoft Visual Studio Solution File, Format Version 12.00
# Visual Studio Version 17
VisualStudioVersion = 17.14.36414.22
MinimumVisualStudioVersion = 10.0.40219.1
Project("{FAE04EC0-301F-11D3-BF4B-00C04F79EFBC}") = "Trabalho_Palmuti", "Trabalho Palmuti\Trabalho_Palmuti.csproj", "{E05082E9-2EB9-42CF-8C5E-46B437A60056}"
EndProject
Project("{FAE04EC0-301F-11D3-BF4B-00C04F79EFBC}") = "TrabalhoPalmuti.Tests", "TrabalhoPalmuti.Tests\TrabalhoPalmuti.Tests.csproj", "{38086F62-AA95-4D79-A06F-B15EB8381D18}"
	ProjectSection(ProjectDependencies) = postProject
		{E05082E9-2EB9-42CF-8C5E-46B437A60056} = {E05082E9-2EB9-42CF-8C5E-46B437A60056}
	EndProjectSection
EndProject
Global
	GlobalSection(SolutionConfigurationPlatforms) = preSolution
		Debug|Any CPU = Debug|Any CPU
		Release|Any CPU = Release|Any CPU
	EndGlobalSection
	GlobalSection(ProjectConfigurationPlatforms) = postSolution
		{E05082E9-2EB9-42CF-8C5E-46B437A60056}.Debug|Any CPU.ActiveCfg = Debug|Any CPU
		{E05082E9-2EB9-42CF-8C5E-46B437A60056}.Debug|Any CPU.Build.0 = Debug|Any CPU
		{E05082E9-2EB9-42CF-8C5E-46B437A60056}.Debug|Any CPU.Deploy.0 = Debug|Any CPU
		{E05082E9-2EB9-42CF-8C5E-46B437A60056}.Release|Any CPU.ActiveCfg = Release|Any CPU
		{E05082E9-2EB9-42CF-8C5E-46B437A60056}.Release|Any CPU.Build.0 = Release|Any CPU
		{E05082E9-2EB9-42CF-8C5E-46B437A60056}.Release|Any CPU.Deploy.0 = Release|Any CPU
		{38086F62-AA95-4D79-A06F-B15EB8381D18}.Debug|Any CPU.ActiveCfg = Debug|Any CPU
		{38086F62-AA95-4D79-A06F-B15EB8381D18}.Debug|Any CPU.Build.0 = Debug|Any CPU
		{38086F62-AA95-4D79-A06F-B15EB8381D18}.Release|Any CPU.ActiveCfg = Release|Any CPU
		{38086F62-AA95-4D79-A06F-B15EB8381D18}.Release|Any CPU.Build.0 = Release|Any CPU
	EndGlobalSection
	GlobalSection(SolutionProperties) = preSolution
		HideSolutionNode = FALSE
	EndGlobalSection
	GlobalSection(ExtensibilityGlobals) = postSolution
		SolutionGuid = {9E871F98-A5C9-481A-9092-6D9E4B02A327}
	EndGlobalSection
EndGlobal
